// !$*UTF8*$!
{
	archiveVersion = 1;
	classes = {
	};
	objectVersion = 46;
	objects = {

/* Begin PBXBuildFile section */
		B56B2A721F1A830100670B68 /* CardView.xib in Resources */ = {isa = PBXBuildFile; fileRef = B56B2A711F1A830100670B68 /* CardView.xib */; };
		B56B2A741F1A834C00670B68 /* CardView.swift in Sources */ = {isa = PBXBuildFile; fileRef = B56B2A731F1A834C00670B68 /* CardView.swift */; };
		B56B2A761F1A8A1C00670B68 /* SwipeViewController.swift in Sources */ = {isa = PBXBuildFile; fileRef = B56B2A751F1A8A1C00670B68 /* SwipeViewController.swift */; };
		B56B2A781F1A8A3800670B68 /* DraggableView.swift in Sources */ = {isa = PBXBuildFile; fileRef = B56B2A771F1A8A3800670B68 /* DraggableView.swift */; };
		B58F49161F13D6E000CC8D2F /* AppDelegate.swift in Sources */ = {isa = PBXBuildFile; fileRef = B58F49151F13D6E000CC8D2F /* AppDelegate.swift */; };
		B58F491B1F13D6E000CC8D2F /* Main.storyboard in Resources */ = {isa = PBXBuildFile; fileRef = B58F49191F13D6E000CC8D2F /* Main.storyboard */; };
		B58F491D1F13D6E000CC8D2F /* Assets.xcassets in Resources */ = {isa = PBXBuildFile; fileRef = B58F491C1F13D6E000CC8D2F /* Assets.xcassets */; };
		B58F49201F13D6E000CC8D2F /* LaunchScreen.storyboard in Resources */ = {isa = PBXBuildFile; fileRef = B58F491E1F13D6E000CC8D2F /* LaunchScreen.storyboard */; };
		B58F49391F140FE100CC8D2F /* CategoryTableViewCell.swift in Sources */ = {isa = PBXBuildFile; fileRef = B58F49381F140FE100CC8D2F /* CategoryTableViewCell.swift */; };
		B58F493B1F1412B800CC8D2F /* CategoryTableViewController.swift in Sources */ = {isa = PBXBuildFile; fileRef = B58F493A1F1412B800CC8D2F /* CategoryTableViewController.swift */; };
		B58F493D1F14142500CC8D2F /* Category.swift in Sources */ = {isa = PBXBuildFile; fileRef = B58F493C1F14142500CC8D2F /* Category.swift */; };
		B58F49401F141D3A00CC8D2F /* Children of the Starlight.ttf in Resources */ = {isa = PBXBuildFile; fileRef = B58F493F1F141D3A00CC8D2F /* Children of the Starlight.ttf */; };
		B58F49491F1427D000CC8D2F /* Gradient.swift in Sources */ = {isa = PBXBuildFile; fileRef = B58F49481F1427D000CC8D2F /* Gradient.swift */; };
/* End PBXBuildFile section */

/* Begin PBXFileReference section */
		B56B2A711F1A830100670B68 /* CardView.xib */ = {isa = PBXFileReference; fileEncoding = 4; lastKnownFileType = file.xib; name = CardView.xib; path = Resources/CardView.xib; sourceTree = "<group>"; };
		B56B2A731F1A834C00670B68 /* CardView.swift */ = {isa = PBXFileReference; fileEncoding = 4; lastKnownFileType = sourcecode.swift; name = CardView.swift; path = Resources/CardView.swift; sourceTree = "<group>"; };
		B56B2A751F1A8A1C00670B68 /* SwipeViewController.swift */ = {isa = PBXFileReference; fileEncoding = 4; lastKnownFileType = sourcecode.swift; name = SwipeViewController.swift; path = Resources/SwipeViewController.swift; sourceTree = "<group>"; };
		B56B2A771F1A8A3800670B68 /* DraggableView.swift */ = {isa = PBXFileReference; fileEncoding = 4; lastKnownFileType = sourcecode.swift; name = DraggableView.swift; path = Resources/DraggableView.swift; sourceTree = "<group>"; };
		B58F49121F13D6E000CC8D2F /* EmmaGuide.app */ = {isa = PBXFileReference; explicitFileType = wrapper.application; includeInIndex = 0; path = EmmaGuide.app; sourceTree = BUILT_PRODUCTS_DIR; };
		B58F49151F13D6E000CC8D2F /* AppDelegate.swift */ = {isa = PBXFileReference; lastKnownFileType = sourcecode.swift; path = AppDelegate.swift; sourceTree = "<group>"; };
		B58F491A1F13D6E000CC8D2F /* Base */ = {isa = PBXFileReference; lastKnownFileType = file.storyboard; name = Base; path = Base.lproj/Main.storyboard; sourceTree = "<group>"; };
		B58F491C1F13D6E000CC8D2F /* Assets.xcassets */ = {isa = PBXFileReference; lastKnownFileType = folder.assetcatalog; path = Assets.xcassets; sourceTree = "<group>"; };
		B58F491F1F13D6E000CC8D2F /* Base */ = {isa = PBXFileReference; lastKnownFileType = file.storyboard; name = Base; path = Base.lproj/LaunchScreen.storyboard; sourceTree = "<group>"; };
		B58F49211F13D6E000CC8D2F /* Info.plist */ = {isa = PBXFileReference; lastKnownFileType = text.plist.xml; path = Info.plist; sourceTree = "<group>"; };
		B58F49381F140FE100CC8D2F /* CategoryTableViewCell.swift */ = {isa = PBXFileReference; fileEncoding = 4; lastKnownFileType = sourcecode.swift; name = CategoryTableViewCell.swift; path = EmmaGuide/Resources/CategoryTableViewCell.swift; sourceTree = "<group>"; };
		B58F493A1F1412B800CC8D2F /* CategoryTableViewController.swift */ = {isa = PBXFileReference; fileEncoding = 4; lastKnownFileType = sourcecode.swift; name = CategoryTableViewController.swift; path = Resources/CategoryTableViewController.swift; sourceTree = "<group>"; };
		B58F493C1F14142500CC8D2F /* Category.swift */ = {isa = PBXFileReference; fileEncoding = 4; lastKnownFileType = sourcecode.swift; name = Category.swift; path = Model/Category.swift; sourceTree = "<group>"; };
		B58F493F1F141D3A00CC8D2F /* Children of the Starlight.ttf */ = {isa = PBXFileReference; lastKnownFileType = file; name = "Children of the Starlight.ttf"; path = "EmmaGuide/Assets.xcassets/Children of the Starlight.dataset/Children of the Starlight.ttf"; sourceTree = "<group>"; };
		B58F49481F1427D000CC8D2F /* Gradient.swift */ = {isa = PBXFileReference; fileEncoding = 4; lastKnownFileType = sourcecode.swift; name = Gradient.swift; path = EmmaGuide/Resources/Gradient.swift; sourceTree = "<group>"; };
/* End PBXFileReference section */

/* Begin PBXFrameworksBuildPhase section */
		B58F490F1F13D6E000CC8D2F /* Frameworks */ = {
			isa = PBXFrameworksBuildPhase;
			buildActionMask = 2147483647;
			files = (
			);
			runOnlyForDeploymentPostprocessing = 0;
		};
/* End PBXFrameworksBuildPhase section */

/* Begin PBXGroup section */
		B58F49091F13D6E000CC8D2F = {
			isa = PBXGroup;
			children = (
				B58F49141F13D6E000CC8D2F /* EmmaGuide */,
				B58F49131F13D6E000CC8D2F /* Products */,
				B58F49411F141D4200CC8D2F /* Ressources */,
			);
			sourceTree = "<group>";
		};
		B58F49131F13D6E000CC8D2F /* Products */ = {
			isa = PBXGroup;
			children = (
				B58F49121F13D6E000CC8D2F /* EmmaGuide.app */,
			);
			name = Products;
			sourceTree = "<group>";
		};
		B58F49141F13D6E000CC8D2F /* EmmaGuide */ = {
			isa = PBXGroup;
			children = (
				B58F49291F13D83400CC8D2F /* Controllers */,
				B58F49151F13D6E000CC8D2F /* AppDelegate.swift */,
				B58F49191F13D6E000CC8D2F /* Main.storyboard */,
				B56B2A711F1A830100670B68 /* CardView.xib */,
				B56B2A731F1A834C00670B68 /* CardView.swift */,
				B58F493E1F14176600CC8D2F /* Models */,
				B58F491C1F13D6E000CC8D2F /* Assets.xcassets */,
				B58F491E1F13D6E000CC8D2F /* LaunchScreen.storyboard */,
				B58F49211F13D6E000CC8D2F /* Info.plist */,
			);
			path = EmmaGuide;
			sourceTree = "<group>";
		};
		B58F49291F13D83400CC8D2F /* Controllers */ = {
			isa = PBXGroup;
			children = (
				B56B2A771F1A8A3800670B68 /* DraggableView.swift */,
				B58F493A1F1412B800CC8D2F /* CategoryTableViewController.swift */,
				B56B2A751F1A8A1C00670B68 /* SwipeViewController.swift */,
			);
			name = Controllers;
			sourceTree = "<group>";
		};
		B58F493E1F14176600CC8D2F /* Models */ = {
			isa = PBXGroup;
			children = (
				B58F493C1F14142500CC8D2F /* Category.swift */,
			);
			name = Models;
			sourceTree = "<group>";
		};
		B58F49411F141D4200CC8D2F /* Ressources */ = {
			isa = PBXGroup;
			children = (
				B58F49381F140FE100CC8D2F /* CategoryTableViewCell.swift */,
				B58F49481F1427D000CC8D2F /* Gradient.swift */,
				B58F493F1F141D3A00CC8D2F /* Children of the Starlight.ttf */,
			);
			name = Ressources;
			sourceTree = "<group>";
		};
/* End PBXGroup section */

/* Begin PBXNativeTarget section */
		B58F49111F13D6E000CC8D2F /* EmmaGuide */ = {
			isa = PBXNativeTarget;
			buildConfigurationList = B58F49241F13D6E000CC8D2F /* Build configuration list for PBXNativeTarget "EmmaGuide" */;
			buildPhases = (
				B58F490E1F13D6E000CC8D2F /* Sources */,
				B58F490F1F13D6E000CC8D2F /* Frameworks */,
				B58F49101F13D6E000CC8D2F /* Resources */,
			);
			buildRules = (
			);
			dependencies = (
			);
			name = EmmaGuide;
			productName = EmmaGuide;
			productReference = B58F49121F13D6E000CC8D2F /* EmmaGuide.app */;
			productType = "com.apple.product-type.application";
		};
/* End PBXNativeTarget section */

/* Begin PBXProject section */
		B58F490A1F13D6E000CC8D2F /* Project object */ = {
			isa = PBXProject;
			attributes = {
				LastSwiftUpdateCheck = 0830;
				LastUpgradeCheck = 0830;
				ORGANIZATIONNAME = "Emma Arfelt";
				TargetAttributes = {
					B58F49111F13D6E000CC8D2F = {
						CreatedOnToolsVersion = 8.3.3;
						ProvisioningStyle = Automatic;
					};
				};
			};
			buildConfigurationList = B58F490D1F13D6E000CC8D2F /* Build configuration list for PBXProject "EmmaGuide" */;
			compatibilityVersion = "Xcode 3.2";
			developmentRegion = English;
			hasScannedForEncodings = 0;
			knownRegions = (
				en,
				Base,
			);
			mainGroup = B58F49091F13D6E000CC8D2F;
			productRefGroup = B58F49131F13D6E000CC8D2F /* Products */;
			projectDirPath = "";
			projectRoot = "";
			targets = (
				B58F49111F13D6E000CC8D2F /* EmmaGuide */,
			);
		};
/* End PBXProject section */

/* Begin PBXResourcesBuildPhase section */
		B58F49101F13D6E000CC8D2F /* Resources */ = {
			isa = PBXResourcesBuildPhase;
			buildActionMask = 2147483647;
			files = (
				B58F49201F13D6E000CC8D2F /* LaunchScreen.storyboard in Resources */,
				B58F491D1F13D6E000CC8D2F /* Assets.xcassets in Resources */,
				B56B2A721F1A830100670B68 /* CardView.xib in Resources */,
				B58F49401F141D3A00CC8D2F /* Children of the Starlight.ttf in Resources */,
				B58F491B1F13D6E000CC8D2F /* Main.storyboard in Resources */,
			);
			runOnlyForDeploymentPostprocessing = 0;
		};
/* End PBXResourcesBuildPhase section */

/* Begin PBXSourcesBuildPhase section */
		B58F490E1F13D6E000CC8D2F /* Sources */ = {
			isa = PBXSourcesBuildPhase;
			buildActionMask = 2147483647;
			files = (
				B58F49161F13D6E000CC8D2F /* AppDelegate.swift in Sources */,
				B56B2A741F1A834C00670B68 /* CardView.swift in Sources */,
				B56B2A761F1A8A1C00670B68 /* SwipeViewController.swift in Sources */,
				B56B2A781F1A8A3800670B68 /* DraggableView.swift in Sources */,
				B58F49391F140FE100CC8D2F /* CategoryTableViewCell.swift in Sources */,
				B58F493B1F1412B800CC8D2F /* CategoryTableViewController.swift in Sources */,
				B58F493D1F14142500CC8D2F /* Category.swift in Sources */,
				B58F49491F1427D000CC8D2F /* Gradient.swift in Sources */,
			);
			runOnlyForDeploymentPostprocessing = 0;
		};
/* End PBXSourcesBuildPhase section */

/* Begin PBXVariantGroup section */
		B58F49191F13D6E000CC8D2F /* Main.storyboard */ = {
			isa = PBXVariantGroup;
			children = (
				B58F491A1F13D6E000CC8D2F /* Base */,
			);
			name = Main.storyboard;
			sourceTree = "<group>";
		};
		B58F491E1F13D6E000CC8D2F /* LaunchScreen.storyboard */ = {
			isa = PBXVariantGroup;
			children = (
				B58F491F1F13D6E000CC8D2F /* Base */,
			);
			name = LaunchScreen.storyboard;
			sourceTree = "<group>";
		};
/* End PBXVariantGroup section */

/* Begin XCBuildConfiguration section */
		B58F49221F13D6E000CC8D2F /* Debug */ = {
			isa = XCBuildConfiguration;
			buildSettings = {
				ALWAYS_SEARCH_USER_PATHS = NO;
				CLANG_ANALYZER_NONNULL = YES;
				CLANG_ANALYZER_NUMBER_OBJECT_CONVERSION = YES_AGGRESSIVE;
				CLANG_CXX_LANGUAGE_STANDARD = "gnu++0x";
				CLANG_CXX_LIBRARY = "libc++";
				CLANG_ENABLE_MODULES = YES;
				CLANG_ENABLE_OBJC_ARC = YES;
				CLANG_WARN_BOOL_CONVERSION = YES;
				CLANG_WARN_CONSTANT_CONVERSION = YES;
				CLANG_WARN_DIRECT_OBJC_ISA_USAGE = YES_ERROR;
				CLANG_WARN_DOCUMENTATION_COMMENTS = YES;
				CLANG_WARN_EMPTY_BODY = YES;
				CLANG_WARN_ENUM_CONVERSION = YES;
				CLANG_WARN_INFINITE_RECURSION = YES;
				CLANG_WARN_INT_CONVERSION = YES;
				CLANG_WARN_OBJC_ROOT_CLASS = YES_ERROR;
				CLANG_WARN_SUSPICIOUS_MOVE = YES;
				CLANG_WARN_UNREACHABLE_CODE = YES;
				CLANG_WARN__DUPLICATE_METHOD_MATCH = YES;
				"CODE_SIGN_IDENTITY[sdk=iphoneos*]" = "iPhone Developer";
				COPY_PHASE_STRIP = NO;
				DEBUG_INFORMATION_FORMAT = dwarf;
				ENABLE_STRICT_OBJC_MSGSEND = YES;
				ENABLE_TESTABILITY = YES;
				GCC_C_LANGUAGE_STANDARD = gnu99;
				GCC_DYNAMIC_NO_PIC = NO;
				GCC_NO_COMMON_BLOCKS = YES;
				GCC_OPTIMIZATION_LEVEL = 0;
				GCC_PREPROCESSOR_DEFINITIONS = (
					"DEBUG=1",
					"$(inherited)",
				);
				GCC_WARN_64_TO_32_BIT_CONVERSION = YES;
				GCC_WARN_ABOUT_RETURN_TYPE = YES_ERROR;
				GCC_WARN_UNDECLARED_SELECTOR = YES;
				GCC_WARN_UNINITIALIZED_AUTOS = YES_AGGRESSIVE;
				GCC_WARN_UNUSED_FUNCTION = YES;
				GCC_WARN_UNUSED_VARIABLE = YES;
				IPHONEOS_DEPLOYMENT_TARGET = 10.3;
				MTL_ENABLE_DEBUG_INFO = YES;
				ONLY_ACTIVE_ARCH = YES;
				SDKROOT = iphoneos;
				SWIFT_ACTIVE_COMPILATION_CONDITIONS = DEBUG;
				SWIFT_OPTIMIZATION_LEVEL = "-Onone";
			};
			name = Debug;
		};
		B58F49231F13D6E000CC8D2F /* Release */ = {
			isa = XCBuildConfiguration;
			buildSettings = {
				ALWAYS_SEARCH_USER_PATHS = NO;
				CLANG_ANALYZER_NONNULL = YES;
				CLANG_ANALYZER_NUMBER_OBJECT_CONVERSION = YES_AGGRESSIVE;
				CLANG_CXX_LANGUAGE_STANDARD = "gnu++0x";
				CLANG_CXX_LIBRARY = "libc++";
				CLANG_ENABLE_MODULES = YES;
				CLANG_ENABLE_OBJC_ARC = YES;
				CLANG_WARN_BOOL_CONVERSION = YES;
				CLANG_WARN_CONSTANT_CONVERSION = YES;
				CLANG_WARN_DIRECT_OBJC_ISA_USAGE = YES_ERROR;
				CLANG_WARN_DOCUMENTATION_COMMENTS = YES;
				CLANG_WARN_EMPTY_BODY = YES;
				CLANG_WARN_ENUM_CONVERSION = YES;
				CLANG_WARN_INFINITE_RECURSION = YES;
				CLANG_WARN_INT_CONVERSION = YES;
				CLANG_WARN_OBJC_ROOT_CLASS = YES_ERROR;
				CLANG_WARN_SUSPICIOUS_MOVE = YES;
				CLANG_WARN_UNREACHABLE_CODE = YES;
				CLANG_WARN__DUPLICATE_METHOD_MATCH = YES;
				"CODE_SIGN_IDENTITY[sdk=iphoneos*]" = "iPhone Developer";
				COPY_PHASE_STRIP = NO;
				DEBUG_INFORMATION_FORMAT = "dwarf-with-dsym";
				ENABLE_NS_ASSERTIONS = NO;
				ENABLE_STRICT_OBJC_MSGSEND = YES;
				GCC_C_LANGUAGE_STANDARD = gnu99;
				GCC_NO_COMMON_BLOCKS = YES;
				GCC_WARN_64_TO_32_BIT_CONVERSION = YES;
				GCC_WARN_ABOUT_RETURN_TYPE = YES_ERROR;
				GCC_WARN_UNDECLARED_SELECTOR = YES;
				GCC_WARN_UNINITIALIZED_AUTOS = YES_AGGRESSIVE;
				GCC_WARN_UNUSED_FUNCTION = YES;
				GCC_WARN_UNUSED_VARIABLE = YES;
				IPHONEOS_DEPLOYMENT_TARGET = 10.3;
				MTL_ENABLE_DEBUG_INFO = NO;
				SDKROOT = iphoneos;
				SWIFT_OPTIMIZATION_LEVEL = "-Owholemodule";
				VALIDATE_PRODUCT = YES;
			};
			name = Release;
		};
		B58F49251F13D6E000CC8D2F /* Debug */ = {
			isa = XCBuildConfiguration;
			buildSettings = {
				ASSETCATALOG_COMPILER_APPICON_NAME = AppIcon;
				INFOPLIST_FILE = EmmaGuide/Info.plist;
				IPHONEOS_DEPLOYMENT_TARGET = 9.0;
				LD_RUNPATH_SEARCH_PATHS = "$(inherited) @executable_path/Frameworks";
				PRODUCT_BUNDLE_IDENTIFIER = com.cipherbureau.EmmaGuide;
				PRODUCT_NAME = "$(TARGET_NAME)";
				SWIFT_VERSION = 3.0;
				TARGETED_DEVICE_FAMILY = 1;
			};
			name = Debug;
		};
		B58F49261F13D6E000CC8D2F /* Release */ = {
			isa = XCBuildConfiguration;
			buildSettings = {
				ASSETCATALOG_COMPILER_APPICON_NAME = AppIcon;
				INFOPLIST_FILE = EmmaGuide/Info.plist;
				IPHONEOS_DEPLOYMENT_TARGET = 9.0;
				LD_RUNPATH_SEARCH_PATHS = "$(inherited) @executable_path/Frameworks";
				PRODUCT_BUNDLE_IDENTIFIER = com.cipherbureau.EmmaGuide;
				PRODUCT_NAME = "$(TARGET_NAME)";
				SWIFT_VERSION = 3.0;
				TARGETED_DEVICE_FAMILY = 1;
			};
			name = Release;
		};
/* End XCBuildConfiguration section */

/* Begin XCConfigurationList section */
		B58F490D1F13D6E000CC8D2F /* Build configuration list for PBXProject "EmmaGuide" */ = {
			isa = XCConfigurationList;
			buildConfigurations = (
				B58F49221F13D6E000CC8D2F /* Debug */,
				B58F49231F13D6E000CC8D2F /* Release */,
			);
			defaultConfigurationIsVisible = 0;
			defaultConfigurationName = Release;
		};
		B58F49241F13D6E000CC8D2F /* Build configuration list for PBXNativeTarget "EmmaGuide" */ = {
			isa = XCConfigurationList;
			buildConfigurations = (
				B58F49251F13D6E000CC8D2F /* Debug */,
				B58F49261F13D6E000CC8D2F /* Release */,
			);
			defaultConfigurationIsVisible = 0;
			defaultConfigurationName = Release;
		};
/* End XCConfigurationList section */
	};
	rootObject = B58F490A1F13D6E000CC8D2F /* Project object */;
}
